
Microsoft Visual Studio Solution File, Format Version 12.00
# Visual Studio Version 16
VisualStudioVersion = 16.0.31424.327
MinimumVisualStudioVersion = 10.0.40219.1
Project("{FAE04EC0-301F-11D3-BF4B-00C04F79EFBC}") = "ParallelTaskApi", "ParallelTaskApi\ParallelTaskApi.csproj", "{47361F16-DDC3-40DC-83C6-17239CF187C2}"
EndProject
Global
	GlobalSection(SolutionConfigurationPlatforms) = preSolution
		Debug|Any CPU = Debug|Any CPU
		Release|Any CPU = Release|Any CPU
	EndGlobalSection
	GlobalSection(ProjectConfigurationPlatforms) = postSolution
		{47361F16-DDC3-40DC-83C6-17239CF187C2}.Debug|Any CPU.ActiveCfg = Debug|Any CPU
		{47361F16-DDC3-40DC-83C6-17239CF187C2}.Debug|Any CPU.Build.0 = Debug|Any CPU
		{47361F16-DDC3-40DC-83C6-17239CF187C2}.Release|Any CPU.ActiveCfg = Release|Any CPU
		{47361F16-DDC3-40DC-83C6-17239CF187C2}.Release|Any CPU.Build.0 = Release|Any CPU
	EndGlobalSection
	GlobalSection(SolutionProperties) = preSolution
		HideSolutionNode = FALSE
	EndGlobalSection
	GlobalSection(ExtensibilityGlobals) = postSolution
		SolutionGuid = {B73AE08B-7ADB-4021-9DFB-2F22775347F9}
	EndGlobalSection
EndGlobal
